
Microsoft Visual Studio Solution File, Format Version 12.00
# Visual Studio Version 17
VisualStudioVersion = 17.7.34202.233
MinimumVisualStudioVersion = 10.0.40219.1
Project("{FAE04EC0-301F-11D3-BF4B-00C04F79EFBC}") = "MovieSearchAPI", "MovieSearchAPI\MovieSearchAPI.csproj", "{F19D1BF6-259A-4F6B-B0D9-7F159185DAE7}"
EndProject
Global
	GlobalSection(SolutionConfigurationPlatforms) = preSolution
		Debug|Any CPU = Debug|Any CPU
		Release|Any CPU = Release|Any CPU
	EndGlobalSection
	GlobalSection(ProjectConfigurationPlatforms) = postSolution
		{F19D1BF6-259A-4F6B-B0D9-7F159185DAE7}.Debug|Any CPU.ActiveCfg = Debug|Any CPU
		{F19D1BF6-259A-4F6B-B0D9-7F159185DAE7}.Debug|Any CPU.Build.0 = Debug|Any CPU
		{F19D1BF6-259A-4F6B-B0D9-7F159185DAE7}.Release|Any CPU.ActiveCfg = Release|Any CPU
		{F19D1BF6-259A-4F6B-B0D9-7F159185DAE7}.Release|Any CPU.Build.0 = Release|Any CPU
	EndGlobalSection
	GlobalSection(SolutionProperties) = preSolution
		HideSolutionNode = FALSE
	EndGlobalSection
	GlobalSection(ExtensibilityGlobals) = postSolution
		SolutionGuid = {1BC6F003-29BD-4C72-AD69-8A79E1C117FF}
	EndGlobalSection
EndGlobal
